// !$*UTF8*$!
{
	archiveVersion = 1;
	classes = {
	};
	objectVersion = 50;
	objects = {

/* Begin PBXBuildFile section */
		6ECD7940BF28FDA5994B97E9 /* Pods_FlashNews.framework in Frameworks */ = {isa = PBXBuildFile; fileRef = 9AC8F4AE816B98034AA5F18E /* Pods_FlashNews.framework */; };
		A5FC18CE2195546500CBAE33 /* AppDelegate.swift in Sources */ = {isa = PBXBuildFile; fileRef = A5FC18CD2195546500CBAE33 /* AppDelegate.swift */; };
		A5FC18D02195546500CBAE33 /* ViewController.swift in Sources */ = {isa = PBXBuildFile; fileRef = A5FC18CF2195546500CBAE33 /* ViewController.swift */; };
		A5FC18D32195546500CBAE33 /* Main.storyboard in Resources */ = {isa = PBXBuildFile; fileRef = A5FC18D12195546500CBAE33 /* Main.storyboard */; };
		A5FC18D52195546800CBAE33 /* Assets.xcassets in Resources */ = {isa = PBXBuildFile; fileRef = A5FC18D42195546800CBAE33 /* Assets.xcassets */; };
		A5FC18D82195546800CBAE33 /* LaunchScreen.storyboard in Resources */ = {isa = PBXBuildFile; fileRef = A5FC18D62195546800CBAE33 /* LaunchScreen.storyboard */; };
		A5FC18E32195546800CBAE33 /* FlashNewsTests.swift in Sources */ = {isa = PBXBuildFile; fileRef = A5FC18E22195546800CBAE33 /* FlashNewsTests.swift */; };
		A5FC18EF21955B9900CBAE33 /* breaking.png in Resources */ = {isa = PBXBuildFile; fileRef = A5FC18EE21955B9900CBAE33 /* breaking.png */; };
		BEEB53B127A72D5AAA8B1CE2 /* Pods_FlashNewsTests.framework in Frameworks */ = {isa = PBXBuildFile; fileRef = FAE2CA55D73B6391398E94EC /* Pods_FlashNewsTests.framework */; };
/* End PBXBuildFile section */

/* Begin PBXContainerItemProxy section */
		A5FC18DF2195546800CBAE33 /* PBXContainerItemProxy */ = {
			isa = PBXContainerItemProxy;
			containerPortal = A5FC18C22195546500CBAE33 /* Project object */;
			proxyType = 1;
			remoteGlobalIDString = A5FC18C92195546500CBAE33;
			remoteInfo = FlashNews;
		};
/* End PBXContainerItemProxy section */

/* Begin PBXFileReference section */
		232733F7D05EE80BA70783ED /* Pods-FlashNews.debug.xcconfig */ = {isa = PBXFileReference; includeInIndex = 1; lastKnownFileType = text.xcconfig; name = "Pods-FlashNews.debug.xcconfig"; path = "Pods/Target Support Files/Pods-FlashNews/Pods-FlashNews.debug.xcconfig"; sourceTree = "<group>"; };
		3B74D273B2731DC77BB27ECE /* Pods-FlashNewsTests.debug.xcconfig */ = {isa = PBXFileReference; includeInIndex = 1; lastKnownFileType = text.xcconfig; name = "Pods-FlashNewsTests.debug.xcconfig"; path = "Pods/Target Support Files/Pods-FlashNewsTests/Pods-FlashNewsTests.debug.xcconfig"; sourceTree = "<group>"; };
		66697FD8F70F88A5EA5B12B6 /* Pods-FlashNewsTests.release.xcconfig */ = {isa = PBXFileReference; includeInIndex = 1; lastKnownFileType = text.xcconfig; name = "Pods-FlashNewsTests.release.xcconfig"; path = "Pods/Target Support Files/Pods-FlashNewsTests/Pods-FlashNewsTests.release.xcconfig"; sourceTree = "<group>"; };
		9AC8F4AE816B98034AA5F18E /* Pods_FlashNews.framework */ = {isa = PBXFileReference; explicitFileType = wrapper.framework; includeInIndex = 0; path = Pods_FlashNews.framework; sourceTree = BUILT_PRODUCTS_DIR; };
		A5FC18CA2195546500CBAE33 /* FlashNews.app */ = {isa = PBXFileReference; explicitFileType = wrapper.application; includeInIndex = 0; path = FlashNews.app; sourceTree = BUILT_PRODUCTS_DIR; };
		A5FC18CD2195546500CBAE33 /* AppDelegate.swift */ = {isa = PBXFileReference; lastKnownFileType = sourcecode.swift; path = AppDelegate.swift; sourceTree = "<group>"; };
		A5FC18CF2195546500CBAE33 /* ViewController.swift */ = {isa = PBXFileReference; lastKnownFileType = sourcecode.swift; path = ViewController.swift; sourceTree = "<group>"; };
		A5FC18D22195546500CBAE33 /* Base */ = {isa = PBXFileReference; lastKnownFileType = file.storyboard; name = Base; path = Base.lproj/Main.storyboard; sourceTree = "<group>"; };
		A5FC18D42195546800CBAE33 /* Assets.xcassets */ = {isa = PBXFileReference; lastKnownFileType = folder.assetcatalog; path = Assets.xcassets; sourceTree = "<group>"; };
		A5FC18D72195546800CBAE33 /* Base */ = {isa = PBXFileReference; lastKnownFileType = file.storyboard; name = Base; path = Base.lproj/LaunchScreen.storyboard; sourceTree = "<group>"; };
		A5FC18D92195546800CBAE33 /* Info.plist */ = {isa = PBXFileReference; lastKnownFileType = text.plist.xml; path = Info.plist; sourceTree = "<group>"; };
		A5FC18DE2195546800CBAE33 /* FlashNewsTests.xctest */ = {isa = PBXFileReference; explicitFileType = wrapper.cfbundle; includeInIndex = 0; path = FlashNewsTests.xctest; sourceTree = BUILT_PRODUCTS_DIR; };
		A5FC18E22195546800CBAE33 /* FlashNewsTests.swift */ = {isa = PBXFileReference; lastKnownFileType = sourcecode.swift; path = FlashNewsTests.swift; sourceTree = "<group>"; };
		A5FC18E42195546800CBAE33 /* Info.plist */ = {isa = PBXFileReference; lastKnownFileType = text.plist.xml; path = Info.plist; sourceTree = "<group>"; };
		A5FC18EE21955B9900CBAE33 /* breaking.png */ = {isa = PBXFileReference; lastKnownFileType = image.png; path = breaking.png; sourceTree = "<group>"; };
		FA5F93059C833F18389B0166 /* Pods-FlashNews.release.xcconfig */ = {isa = PBXFileReference; includeInIndex = 1; lastKnownFileType = text.xcconfig; name = "Pods-FlashNews.release.xcconfig"; path = "Pods/Target Support Files/Pods-FlashNews/Pods-FlashNews.release.xcconfig"; sourceTree = "<group>"; };
		FAE2CA55D73B6391398E94EC /* Pods_FlashNewsTests.framework */ = {isa = PBXFileReference; explicitFileType = wrapper.framework; includeInIndex = 0; path = Pods_FlashNewsTests.framework; sourceTree = BUILT_PRODUCTS_DIR; };
/* End PBXFileReference section */

/* Begin PBXFrameworksBuildPhase section */
		A5FC18C72195546500CBAE33 /* Frameworks */ = {
			isa = PBXFrameworksBuildPhase;
			buildActionMask = 2147483647;
			files = (
				6ECD7940BF28FDA5994B97E9 /* Pods_FlashNews.framework in Frameworks */,
			);
			runOnlyForDeploymentPostprocessing = 0;
		};
		A5FC18DB2195546800CBAE33 /* Frameworks */ = {
			isa = PBXFrameworksBuildPhase;
			buildActionMask = 2147483647;
			files = (
				BEEB53B127A72D5AAA8B1CE2 /* Pods_FlashNewsTests.framework in Frameworks */,
			);
			runOnlyForDeploymentPostprocessing = 0;
		};
/* End PBXFrameworksBuildPhase section */

/* Begin PBXGroup section */
		A5FC18C12195546500CBAE33 = {
			isa = PBXGroup;
			children = (
				A5FC18CC2195546500CBAE33 /* FlashNews */,
				A5FC18E12195546800CBAE33 /* FlashNewsTests */,
				A5FC18CB2195546500CBAE33 /* Products */,
				C30B333D1311F2F2DB881507 /* Pods */,
				CFBD4238150EAC9F84719277 /* Frameworks */,
			);
			sourceTree = "<group>";
		};
		A5FC18CB2195546500CBAE33 /* Products */ = {
			isa = PBXGroup;
			children = (
				A5FC18CA2195546500CBAE33 /* FlashNews.app */,
				A5FC18DE2195546800CBAE33 /* FlashNewsTests.xctest */,
			);
			name = Products;
			sourceTree = "<group>";
		};
		A5FC18CC2195546500CBAE33 /* FlashNews */ = {
			isa = PBXGroup;
			children = (
				A5FC18ED21955B7700CBAE33 /* Splash */,
				A5FC18CD2195546500CBAE33 /* AppDelegate.swift */,
				A5FC18D12195546500CBAE33 /* Main.storyboard */,
				A5FC18D42195546800CBAE33 /* Assets.xcassets */,
				A5FC18D62195546800CBAE33 /* LaunchScreen.storyboard */,
				A5FC18D92195546800CBAE33 /* Info.plist */,
			);
			path = FlashNews;
			sourceTree = "<group>";
		};
		A5FC18E12195546800CBAE33 /* FlashNewsTests */ = {
			isa = PBXGroup;
			children = (
				A5FC18E22195546800CBAE33 /* FlashNewsTests.swift */,
				A5FC18E42195546800CBAE33 /* Info.plist */,
			);
			path = FlashNewsTests;
			sourceTree = "<group>";
		};
		A5FC18ED21955B7700CBAE33 /* Splash */ = {
			isa = PBXGroup;
			children = (
				A5FC18EE21955B9900CBAE33 /* breaking.png */,
				A5FC18CF2195546500CBAE33 /* ViewController.swift */,
			);
			path = Splash;
			sourceTree = "<group>";
		};
		C30B333D1311F2F2DB881507 /* Pods */ = {
			isa = PBXGroup;
			children = (
				232733F7D05EE80BA70783ED /* Pods-FlashNews.debug.xcconfig */,
				FA5F93059C833F18389B0166 /* Pods-FlashNews.release.xcconfig */,
				3B74D273B2731DC77BB27ECE /* Pods-FlashNewsTests.debug.xcconfig */,
				66697FD8F70F88A5EA5B12B6 /* Pods-FlashNewsTests.release.xcconfig */,
			);
			name = Pods;
			sourceTree = "<group>";
		};
		CFBD4238150EAC9F84719277 /* Frameworks */ = {
			isa = PBXGroup;
			children = (
				9AC8F4AE816B98034AA5F18E /* Pods_FlashNews.framework */,
				FAE2CA55D73B6391398E94EC /* Pods_FlashNewsTests.framework */,
			);
			name = Frameworks;
			sourceTree = "<group>";
		};
/* End PBXGroup section */

/* Begin PBXNativeTarget section */
		A5FC18C92195546500CBAE33 /* FlashNews */ = {
			isa = PBXNativeTarget;
			buildConfigurationList = A5FC18E72195546800CBAE33 /* Build configuration list for PBXNativeTarget "FlashNews" */;
			buildPhases = (
				F4855CE1F193AC8B28D07662 /* [CP] Check Pods Manifest.lock */,
				A5FC18C62195546500CBAE33 /* Sources */,
				A5FC18C72195546500CBAE33 /* Frameworks */,
				A5FC18C82195546500CBAE33 /* Resources */,
				7EE823D8F37F4F792A9D2EA5 /* [CP] Embed Pods Frameworks */,
			);
			buildRules = (
			);
			dependencies = (
			);
			name = FlashNews;
			productName = FlashNews;
			productReference = A5FC18CA2195546500CBAE33 /* FlashNews.app */;
			productType = "com.apple.product-type.application";
		};
		A5FC18DD2195546800CBAE33 /* FlashNewsTests */ = {
			isa = PBXNativeTarget;
			buildConfigurationList = A5FC18EA2195546800CBAE33 /* Build configuration list for PBXNativeTarget "FlashNewsTests" */;
			buildPhases = (
				6F06A5925A7610E2063D5BD4 /* [CP] Check Pods Manifest.lock */,
				A5FC18DA2195546800CBAE33 /* Sources */,
				A5FC18DB2195546800CBAE33 /* Frameworks */,
				A5FC18DC2195546800CBAE33 /* Resources */,
			);
			buildRules = (
			);
			dependencies = (
				A5FC18E02195546800CBAE33 /* PBXTargetDependency */,
			);
			name = FlashNewsTests;
			productName = FlashNewsTests;
			productReference = A5FC18DE2195546800CBAE33 /* FlashNewsTests.xctest */;
			productType = "com.apple.product-type.bundle.unit-test";
		};
/* End PBXNativeTarget section */

/* Begin PBXProject section */
		A5FC18C22195546500CBAE33 /* Project object */ = {
			isa = PBXProject;
			attributes = {
				LastSwiftUpdateCheck = 0940;
				LastUpgradeCheck = 0940;
				ORGANIZATIONNAME = "Balu Naik";
				TargetAttributes = {
					A5FC18C92195546500CBAE33 = {
						CreatedOnToolsVersion = 9.4;
					};
					A5FC18DD2195546800CBAE33 = {
						CreatedOnToolsVersion = 9.4;
						TestTargetID = A5FC18C92195546500CBAE33;
					};
				};
			};
			buildConfigurationList = A5FC18C52195546500CBAE33 /* Build configuration list for PBXProject "FlashNews" */;
			compatibilityVersion = "Xcode 9.3";
			developmentRegion = en;
			hasScannedForEncodings = 0;
			knownRegions = (
				en,
				Base,
			);
			mainGroup = A5FC18C12195546500CBAE33;
			productRefGroup = A5FC18CB2195546500CBAE33 /* Products */;
			projectDirPath = "";
			projectRoot = "";
			targets = (
				A5FC18C92195546500CBAE33 /* FlashNews */,
				A5FC18DD2195546800CBAE33 /* FlashNewsTests */,
			);
		};
/* End PBXProject section */

/* Begin PBXResourcesBuildPhase section */
		A5FC18C82195546500CBAE33 /* Resources */ = {
			isa = PBXResourcesBuildPhase;
			buildActionMask = 2147483647;
			files = (
				A5FC18D82195546800CBAE33 /* LaunchScreen.storyboard in Resources */,
				A5FC18D52195546800CBAE33 /* Assets.xcassets in Resources */,
				A5FC18EF21955B9900CBAE33 /* breaking.png in Resources */,
				A5FC18D32195546500CBAE33 /* Main.storyboard in Resources */,
			);
			runOnlyForDeploymentPostprocessing = 0;
		};
		A5FC18DC2195546800CBAE33 /* Resources */ = {
			isa = PBXResourcesBuildPhase;
			buildActionMask = 2147483647;
			files = (
			);
			runOnlyForDeploymentPostprocessing = 0;
		};
/* End PBXResourcesBuildPhase section */

/* Begin PBXShellScriptBuildPhase section */
		6F06A5925A7610E2063D5BD4 /* [CP] Check Pods Manifest.lock */ = {
			isa = PBXShellScriptBuildPhase;
			buildActionMask = 2147483647;
			files = (
			);
			inputPaths = (
				"${PODS_PODFILE_DIR_PATH}/Podfile.lock",
				"${PODS_ROOT}/Manifest.lock",
			);
			name = "[CP] Check Pods Manifest.lock";
			outputPaths = (
				"$(DERIVED_FILE_DIR)/Pods-FlashNewsTests-checkManifestLockResult.txt",
			);
			runOnlyForDeploymentPostprocessing = 0;
			shellPath = /bin/sh;
			shellScript = "diff \"${PODS_PODFILE_DIR_PATH}/Podfile.lock\" \"${PODS_ROOT}/Manifest.lock\" > /dev/null\nif [ $? != 0 ] ; then\n    # print error to STDERR\n    echo \"error: The sandbox is not in sync with the Podfile.lock. Run 'pod install' or update your CocoaPods installation.\" >&2\n    exit 1\nfi\n# This output is used by Xcode 'outputs' to avoid re-running this script phase.\necho \"SUCCESS\" > \"${SCRIPT_OUTPUT_FILE_0}\"\n";
			showEnvVarsInLog = 0;
		};
		7EE823D8F37F4F792A9D2EA5 /* [CP] Embed Pods Frameworks */ = {
			isa = PBXShellScriptBuildPhase;
			buildActionMask = 2147483647;
			files = (
			);
			inputPaths = (
				"${SRCROOT}/Pods/Target Support Files/Pods-FlashNews/Pods-FlashNews-frameworks.sh",
				"${BUILT_PRODUCTS_DIR}/Alamofire/Alamofire.framework",
				"${BUILT_PRODUCTS_DIR}/Cedar/Cedar.framework",
				"${BUILT_PRODUCTS_DIR}/MBProgressHUD/MBProgressHUD.framework",
				"${BUILT_PRODUCTS_DIR}/SDWebImage/SDWebImage.framework",
			);
			name = "[CP] Embed Pods Frameworks";
			outputPaths = (
				"${TARGET_BUILD_DIR}/${FRAMEWORKS_FOLDER_PATH}/Alamofire.framework",
				"${TARGET_BUILD_DIR}/${FRAMEWORKS_FOLDER_PATH}/Cedar.framework",
				"${TARGET_BUILD_DIR}/${FRAMEWORKS_FOLDER_PATH}/MBProgressHUD.framework",
				"${TARGET_BUILD_DIR}/${FRAMEWORKS_FOLDER_PATH}/SDWebImage.framework",
			);
			runOnlyForDeploymentPostprocessing = 0;
			shellPath = /bin/sh;
			shellScript = "\"${SRCROOT}/Pods/Target Support Files/Pods-FlashNews/Pods-FlashNews-frameworks.sh\"\n";
			showEnvVarsInLog = 0;
		};
		F4855CE1F193AC8B28D07662 /* [CP] Check Pods Manifest.lock */ = {
			isa = PBXShellScriptBuildPhase;
			buildActionMask = 2147483647;
			files = (
			);
			inputPaths = (
				"${PODS_PODFILE_DIR_PATH}/Podfile.lock",
				"${PODS_ROOT}/Manifest.lock",
			);
			name = "[CP] Check Pods Manifest.lock";
			outputPaths = (
				"$(DERIVED_FILE_DIR)/Pods-FlashNews-checkManifestLockResult.txt",
			);
			runOnlyForDeploymentPostprocessing = 0;
			shellPath = /bin/sh;
			shellScript = "diff \"${PODS_PODFILE_DIR_PATH}/Podfile.lock\" \"${PODS_ROOT}/Manifest.lock\" > /dev/null\nif [ $? != 0 ] ; then\n    # print error to STDERR\n    echo \"error: The sandbox is not in sync with the Podfile.lock. Run 'pod install' or update your CocoaPods installation.\" >&2\n    exit 1\nfi\n# This output is used by Xcode 'outputs' to avoid re-running this script phase.\necho \"SUCCESS\" > \"${SCRIPT_OUTPUT_FILE_0}\"\n";
			showEnvVarsInLog = 0;
		};
/* End PBXShellScriptBuildPhase section */

/* Begin PBXSourcesBuildPhase section */
		A5FC18C62195546500CBAE33 /* Sources */ = {
			isa = PBXSourcesBuildPhase;
			buildActionMask = 2147483647;
			files = (
				A5FC18D02195546500CBAE33 /* ViewController.swift in Sources */,
				A5FC18CE2195546500CBAE33 /* AppDelegate.swift in Sources */,
			);
			runOnlyForDeploymentPostprocessing = 0;
		};
		A5FC18DA2195546800CBAE33 /* Sources */ = {
			isa = PBXSourcesBuildPhase;
			buildActionMask = 2147483647;
			files = (
				A5FC18E32195546800CBAE33 /* FlashNewsTests.swift in Sources */,
			);
			runOnlyForDeploymentPostprocessing = 0;
		};
/* End PBXSourcesBuildPhase section */

/* Begin PBXTargetDependency section */
		A5FC18E02195546800CBAE33 /* PBXTargetDependency */ = {
			isa = PBXTargetDependency;
			target = A5FC18C92195546500CBAE33 /* FlashNews */;
			targetProxy = A5FC18DF2195546800CBAE33 /* PBXContainerItemProxy */;
		};
/* End PBXTargetDependency section */

/* Begin PBXVariantGroup section */
		A5FC18D12195546500CBAE33 /* Main.storyboard */ = {
			isa = PBXVariantGroup;
			children = (
				A5FC18D22195546500CBAE33 /* Base */,
			);
			name = Main.storyboard;
			sourceTree = "<group>";
		};
		A5FC18D62195546800CBAE33 /* LaunchScreen.storyboard */ = {
			isa = PBXVariantGroup;
			children = (
				A5FC18D72195546800CBAE33 /* Base */,
			);
			name = LaunchScreen.storyboard;
			sourceTree = "<group>";
		};
/* End PBXVariantGroup section */

/* Begin XCBuildConfiguration section */
		A5FC18E52195546800CBAE33 /* Debug */ = {
			isa = XCBuildConfiguration;
			buildSettings = {
				ALWAYS_SEARCH_USER_PATHS = NO;
				CLANG_ANALYZER_NONNULL = YES;
				CLANG_ANALYZER_NUMBER_OBJECT_CONVERSION = YES_AGGRESSIVE;
				CLANG_CXX_LANGUAGE_STANDARD = "gnu++14";
				CLANG_CXX_LIBRARY = "libc++";
				CLANG_ENABLE_MODULES = YES;
				CLANG_ENABLE_OBJC_ARC = YES;
				CLANG_ENABLE_OBJC_WEAK = YES;
				CLANG_WARN_BLOCK_CAPTURE_AUTORELEASING = YES;
				CLANG_WARN_BOOL_CONVERSION = YES;
				CLANG_WARN_COMMA = YES;
				CLANG_WARN_CONSTANT_CONVERSION = YES;
				CLANG_WARN_DEPRECATED_OBJC_IMPLEMENTATIONS = YES;
				CLANG_WARN_DIRECT_OBJC_ISA_USAGE = YES_ERROR;
				CLANG_WARN_DOCUMENTATION_COMMENTS = YES;
				CLANG_WARN_EMPTY_BODY = YES;
				CLANG_WARN_ENUM_CONVERSION = YES;
				CLANG_WARN_INFINITE_RECURSION = YES;
				CLANG_WARN_INT_CONVERSION = YES;
				CLANG_WARN_NON_LITERAL_NULL_CONVERSION = YES;
				CLANG_WARN_OBJC_IMPLICIT_RETAIN_SELF = YES;
				CLANG_WARN_OBJC_LITERAL_CONVERSION = YES;
				CLANG_WARN_OBJC_ROOT_CLASS = YES_ERROR;
				CLANG_WARN_RANGE_LOOP_ANALYSIS = YES;
				CLANG_WARN_STRICT_PROTOTYPES = YES;
				CLANG_WARN_SUSPICIOUS_MOVE = YES;
				CLANG_WARN_UNGUARDED_AVAILABILITY = YES_AGGRESSIVE;
				CLANG_WARN_UNREACHABLE_CODE = YES;
				CLANG_WARN__DUPLICATE_METHOD_MATCH = YES;
				CODE_SIGN_IDENTITY = "iPhone Developer";
				COPY_PHASE_STRIP = NO;
				DEBUG_INFORMATION_FORMAT = dwarf;
				ENABLE_STRICT_OBJC_MSGSEND = YES;
				ENABLE_TESTABILITY = YES;
				GCC_C_LANGUAGE_STANDARD = gnu11;
				GCC_DYNAMIC_NO_PIC = NO;
				GCC_NO_COMMON_BLOCKS = YES;
				GCC_OPTIMIZATION_LEVEL = 0;
				GCC_PREPROCESSOR_DEFINITIONS = (
					"DEBUG=1",
					"$(inherited)",
				);
				GCC_WARN_64_TO_32_BIT_CONVERSION = YES;
				GCC_WARN_ABOUT_RETURN_TYPE = YES_ERROR;
				GCC_WARN_UNDECLARED_SELECTOR = YES;
				GCC_WARN_UNINITIALIZED_AUTOS = YES_AGGRESSIVE;
				GCC_WARN_UNUSED_FUNCTION = YES;
				GCC_WARN_UNUSED_VARIABLE = YES;
				IPHONEOS_DEPLOYMENT_TARGET = 11.4;
				MTL_ENABLE_DEBUG_INFO = YES;
				ONLY_ACTIVE_ARCH = YES;
				SDKROOT = iphoneos;
				SWIFT_ACTIVE_COMPILATION_CONDITIONS = DEBUG;
				SWIFT_OPTIMIZATION_LEVEL = "-Onone";
			};
			name = Debug;
		};
		A5FC18E62195546800CBAE33 /* Release */ = {
			isa = XCBuildConfiguration;
			buildSettings = {
				ALWAYS_SEARCH_USER_PATHS = NO;
				CLANG_ANALYZER_NONNULL = YES;
				CLANG_ANALYZER_NUMBER_OBJECT_CONVERSION = YES_AGGRESSIVE;
				CLANG_CXX_LANGUAGE_STANDARD = "gnu++14";
				CLANG_CXX_LIBRARY = "libc++";
				CLANG_ENABLE_MODULES = YES;
				CLANG_ENABLE_OBJC_ARC = YES;
				CLANG_ENABLE_OBJC_WEAK = YES;
				CLANG_WARN_BLOCK_CAPTURE_AUTORELEASING = YES;
				CLANG_WARN_BOOL_CONVERSION = YES;
				CLANG_WARN_COMMA = YES;
				CLANG_WARN_CONSTANT_CONVERSION = YES;
				CLANG_WARN_DEPRECATED_OBJC_IMPLEMENTATIONS = YES;
				CLANG_WARN_DIRECT_OBJC_ISA_USAGE = YES_ERROR;
				CLANG_WARN_DOCUMENTATION_COMMENTS = YES;
				CLANG_WARN_EMPTY_BODY = YES;
				CLANG_WARN_ENUM_CONVERSION = YES;
				CLANG_WARN_INFINITE_RECURSION = YES;
				CLANG_WARN_INT_CONVERSION = YES;
				CLANG_WARN_NON_LITERAL_NULL_CONVERSION = YES;
				CLANG_WARN_OBJC_IMPLICIT_RETAIN_SELF = YES;
				CLANG_WARN_OBJC_LITERAL_CONVERSION = YES;
				CLANG_WARN_OBJC_ROOT_CLASS = YES_ERROR;
				CLANG_WARN_RANGE_LOOP_ANALYSIS = YES;
				CLANG_WARN_STRICT_PROTOTYPES = YES;
				CLANG_WARN_SUSPICIOUS_MOVE = YES;
				CLANG_WARN_UNGUARDED_AVAILABILITY = YES_AGGRESSIVE;
				CLANG_WARN_UNREACHABLE_CODE = YES;
				CLANG_WARN__DUPLICATE_METHOD_MATCH = YES;
				CODE_SIGN_IDENTITY = "iPhone Developer";
				COPY_PHASE_STRIP = NO;
				DEBUG_INFORMATION_FORMAT = "dwarf-with-dsym";
				ENABLE_NS_ASSERTIONS = NO;
				ENABLE_STRICT_OBJC_MSGSEND = YES;
				GCC_C_LANGUAGE_STANDARD = gnu11;
				GCC_NO_COMMON_BLOCKS = YES;
				GCC_WARN_64_TO_32_BIT_CONVERSION = YES;
				GCC_WARN_ABOUT_RETURN_TYPE = YES_ERROR;
				GCC_WARN_UNDECLARED_SELECTOR = YES;
				GCC_WARN_UNINITIALIZED_AUTOS = YES_AGGRESSIVE;
				GCC_WARN_UNUSED_FUNCTION = YES;
				GCC_WARN_UNUSED_VARIABLE = YES;
				IPHONEOS_DEPLOYMENT_TARGET = 11.4;
				MTL_ENABLE_DEBUG_INFO = NO;
				SDKROOT = iphoneos;
				SWIFT_COMPILATION_MODE = wholemodule;
				SWIFT_OPTIMIZATION_LEVEL = "-O";
				VALIDATE_PRODUCT = YES;
			};
			name = Release;
		};
		A5FC18E82195546800CBAE33 /* Debug */ = {
			isa = XCBuildConfiguration;
			baseConfigurationReference = 232733F7D05EE80BA70783ED /* Pods-FlashNews.debug.xcconfig */;
			buildSettings = {
				ASSETCATALOG_COMPILER_APPICON_NAME = AppIcon;
				CODE_SIGN_STYLE = Automatic;
				DEVELOPMENT_TEAM = 456E6NNKP2;
				INFOPLIST_FILE = FlashNews/Info.plist;
				IPHONEOS_DEPLOYMENT_TARGET = 10.0;
				LD_RUNPATH_SEARCH_PATHS = (
					"$(inherited)",
					"@executable_path/Frameworks",
				);
				PRODUCT_BUNDLE_IDENTIFIER = MyCompany.FlashNews;
				PRODUCT_NAME = "$(TARGET_NAME)";
				SWIFT_VERSION = 4.0;
				TARGETED_DEVICE_FAMILY = 1;
			};
			name = Debug;
		};
		A5FC18E92195546800CBAE33 /* Release */ = {
			isa = XCBuildConfiguration;
			baseConfigurationReference = FA5F93059C833F18389B0166 /* Pods-FlashNews.release.xcconfig */;
			buildSettings = {
				ASSETCATALOG_COMPILER_APPICON_NAME = AppIcon;
				CODE_SIGN_STYLE = Automatic;
				DEVELOPMENT_TEAM = 456E6NNKP2;
				INFOPLIST_FILE = FlashNews/Info.plist;
				IPHONEOS_DEPLOYMENT_TARGET = 10.0;
				LD_RUNPATH_SEARCH_PATHS = (
					"$(inherited)",
					"@executable_path/Frameworks",
				);
				PRODUCT_BUNDLE_IDENTIFIER = MyCompany.FlashNews;
				PRODUCT_NAME = "$(TARGET_NAME)";
				SWIFT_VERSION = 4.0;
				TARGETED_DEVICE_FAMILY = 1;
			};
			name = Release;
		};
		A5FC18EB2195546800CBAE33 /* Debug */ = {
			isa = XCBuildConfiguration;
			baseConfigurationReference = 3B74D273B2731DC77BB27ECE /* Pods-FlashNewsTests.debug.xcconfig */;
			buildSettings = {
				ALWAYS_EMBED_SWIFT_STANDARD_LIBRARIES = YES;
				BUNDLE_LOADER = "$(TEST_HOST)";
				CODE_SIGN_STYLE = Automatic;
				DEVELOPMENT_TEAM = 456E6NNKP2;
				INFOPLIST_FILE = FlashNewsTests/Info.plist;
				LD_RUNPATH_SEARCH_PATHS = (
					"$(inherited)",
					"@executable_path/Frameworks",
					"@loader_path/Frameworks",
				);
				PRODUCT_BUNDLE_IDENTIFIER = MyCompany.FlashNewsTests;
				PRODUCT_NAME = "$(TARGET_NAME)";
				SWIFT_VERSION = 4.0;
				TARGETED_DEVICE_FAMILY = "1,2";
				TEST_HOST = "$(BUILT_PRODUCTS_DIR)/FlashNews.app/FlashNews";
			};
			name = Debug;
		};
		A5FC18EC2195546800CBAE33 /* Release */ = {
			isa = XCBuildConfiguration;
			baseConfigurationReference = 66697FD8F70F88A5EA5B12B6 /* Pods-FlashNewsTests.release.xcconfig */;
			buildSettings = {
				ALWAYS_EMBED_SWIFT_STANDARD_LIBRARIES = YES;
				BUNDLE_LOADER = "$(TEST_HOST)";
				CODE_SIGN_STYLE = Automatic;
				DEVELOPMENT_TEAM = 456E6NNKP2;
				INFOPLIST_FILE = FlashNewsTests/Info.plist;
				LD_RUNPATH_SEARCH_PATHS = (
					"$(inherited)",
					"@executable_path/Frameworks",
					"@loader_path/Frameworks",
				);
				PRODUCT_BUNDLE_IDENTIFIER = MyCompany.FlashNewsTests;
				PRODUCT_NAME = "$(TARGET_NAME)";
				SWIFT_VERSION = 4.0;
				TARGETED_DEVICE_FAMILY = "1,2";
				TEST_HOST = "$(BUILT_PRODUCTS_DIR)/FlashNews.app/FlashNews";
			};
			name = Release;
		};
/* End XCBuildConfiguration section */

/* Begin XCConfigurationList section */
		A5FC18C52195546500CBAE33 /* Build configuration list for PBXProject "FlashNews" */ = {
			isa = XCConfigurationList;
			buildConfigurations = (
				A5FC18E52195546800CBAE33 /* Debug */,
				A5FC18E62195546800CBAE33 /* Release */,
			);
			defaultConfigurationIsVisible = 0;
			defaultConfigurationName = Release;
		};
		A5FC18E72195546800CBAE33 /* Build configuration list for PBXNativeTarget "FlashNews" */ = {
			isa = XCConfigurationList;
			buildConfigurations = (
				A5FC18E82195546800CBAE33 /* Debug */,
				A5FC18E92195546800CBAE33 /* Release */,
			);
			defaultConfigurationIsVisible = 0;
			defaultConfigurationName = Release;
		};
		A5FC18EA2195546800CBAE33 /* Build configuration list for PBXNativeTarget "FlashNewsTests" */ = {
			isa = XCConfigurationList;
			buildConfigurations = (
				A5FC18EB2195546800CBAE33 /* Debug */,
				A5FC18EC2195546800CBAE33 /* Release */,
			);
			defaultConfigurationIsVisible = 0;
			defaultConfigurationName = Release;
		};
/* End XCConfigurationList section */
	};
	rootObject = A5FC18C22195546500CBAE33 /* Project object */;
}
