// !$*UTF8*$!
{
	archiveVersion = 1;
	classes = {
	};
	objectVersion = 50;
	objects = {

/* Begin PBXBuildFile section */
		6ECD7940BF28FDA5994B97E9 /* Pods_FlashNews.framework in Frameworks */ = {isa = PBXBuildFile; fileRef = 9AC8F4AE816B98034AA5F18E /* Pods_FlashNews.framework */; };
		A5819AF32195782D0010AC49 /* FNServiceURL.swift in Sources */ = {isa = PBXBuildFile; fileRef = A5819AF22195782D0010AC49 /* FNServiceURL.swift */; };
		A5819AF521957C7F0010AC49 /* FNServiceWrapper.swift in Sources */ = {isa = PBXBuildFile; fileRef = A5819AF421957C7F0010AC49 /* FNServiceWrapper.swift */; };
		A5819AF9219585A70010AC49 /* NetworkCheck.swift in Sources */ = {isa = PBXBuildFile; fileRef = A5819AF8219585A70010AC49 /* NetworkCheck.swift */; };
		A5819AFF219591430010AC49 /* FNListAssembly.swift in Sources */ = {isa = PBXBuildFile; fileRef = A5819AFE219591430010AC49 /* FNListAssembly.swift */; };
		A5819B012195915C0010AC49 /* FNListPresenter.swift in Sources */ = {isa = PBXBuildFile; fileRef = A5819B002195915C0010AC49 /* FNListPresenter.swift */; };
		A5819B032195916A0010AC49 /* FNListPresenterIO.swift in Sources */ = {isa = PBXBuildFile; fileRef = A5819B022195916A0010AC49 /* FNListPresenterIO.swift */; };
		A5819B05219591970010AC49 /* FNListInteractor.swift in Sources */ = {isa = PBXBuildFile; fileRef = A5819B04219591970010AC49 /* FNListInteractor.swift */; };
		A5819B07219591A30010AC49 /* FNListInteractorIO.swift in Sources */ = {isa = PBXBuildFile; fileRef = A5819B06219591A30010AC49 /* FNListInteractorIO.swift */; };
		A5819B09219591ED0010AC49 /* FNListRouter.swift in Sources */ = {isa = PBXBuildFile; fileRef = A5819B08219591ED0010AC49 /* FNListRouter.swift */; };
		A5819B0B219592030010AC49 /* FNListRouterIO.swift in Sources */ = {isa = PBXBuildFile; fileRef = A5819B0A219592030010AC49 /* FNListRouterIO.swift */; };
		A5819B0D2195923C0010AC49 /* FNUtility.swift in Sources */ = {isa = PBXBuildFile; fileRef = A5819B0C2195923C0010AC49 /* FNUtility.swift */; };
		A5819B102195C2C60010AC49 /* FNAssemblyProtocol.swift in Sources */ = {isa = PBXBuildFile; fileRef = A5819B0F2195C2C60010AC49 /* FNAssemblyProtocol.swift */; };
		A5819B122195C7100010AC49 /* FNBaseViewController.swift in Sources */ = {isa = PBXBuildFile; fileRef = A5819B112195C7100010AC49 /* FNBaseViewController.swift */; };
		A5819B172195D1460010AC49 /* FNListViewController.swift in Sources */ = {isa = PBXBuildFile; fileRef = A5819B162195D1460010AC49 /* FNListViewController.swift */; };
		A5C12CC22195E3A500FBE5E4 /* FNNetworkConnector.swift in Sources */ = {isa = PBXBuildFile; fileRef = A5C12CC12195E3A500FBE5E4 /* FNNetworkConnector.swift */; };
		A5CBBE62219699C900A399F2 /* FNTableCell.xib in Resources */ = {isa = PBXBuildFile; fileRef = A5CBBE61219699C900A399F2 /* FNTableCell.xib */; };
		A5CBBE6421969A0A00A399F2 /* FNHeaderCell.xib in Resources */ = {isa = PBXBuildFile; fileRef = A5CBBE6321969A0A00A399F2 /* FNHeaderCell.xib */; };
		A5CBBE6621969A5700A399F2 /* FNEverythingCell.xib in Resources */ = {isa = PBXBuildFile; fileRef = A5CBBE6521969A5700A399F2 /* FNEverythingCell.xib */; };
		A5CBBE6921969BFF00A399F2 /* FNEverythingCell.swift in Sources */ = {isa = PBXBuildFile; fileRef = A5CBBE6821969BFF00A399F2 /* FNEverythingCell.swift */; };
		A5CBBE6B21969CB800A399F2 /* FNHeaderCell.swift in Sources */ = {isa = PBXBuildFile; fileRef = A5CBBE6A21969CB800A399F2 /* FNHeaderCell.swift */; };
		A5CBBE6D2196AB6500A399F2 /* FNTableCell.swift in Sources */ = {isa = PBXBuildFile; fileRef = A5CBBE6C2196AB6500A399F2 /* FNTableCell.swift */; };
		A5CBBE702196E23100A399F2 /* FNArticle.swift in Sources */ = {isa = PBXBuildFile; fileRef = A5CBBE6F2196E23100A399F2 /* FNArticle.swift */; };
		A5CBBE722196E26700A399F2 /* FNArticleSource.swift in Sources */ = {isa = PBXBuildFile; fileRef = A5CBBE712196E26700A399F2 /* FNArticleSource.swift */; };
		A5FC18CE2195546500CBAE33 /* AppDelegate.swift in Sources */ = {isa = PBXBuildFile; fileRef = A5FC18CD2195546500CBAE33 /* AppDelegate.swift */; };
		A5FC18D02195546500CBAE33 /* SplashViewController.swift in Sources */ = {isa = PBXBuildFile; fileRef = A5FC18CF2195546500CBAE33 /* SplashViewController.swift */; };
		A5FC18D32195546500CBAE33 /* Splash.storyboard in Resources */ = {isa = PBXBuildFile; fileRef = A5FC18D12195546500CBAE33 /* Splash.storyboard */; };
		A5FC18D52195546800CBAE33 /* Assets.xcassets in Resources */ = {isa = PBXBuildFile; fileRef = A5FC18D42195546800CBAE33 /* Assets.xcassets */; };
		A5FC18D82195546800CBAE33 /* Main.storyboard in Resources */ = {isa = PBXBuildFile; fileRef = A5FC18D62195546800CBAE33 /* Main.storyboard */; };
		A5FC18E32195546800CBAE33 /* FlashNewsTests.swift in Sources */ = {isa = PBXBuildFile; fileRef = A5FC18E22195546800CBAE33 /* FlashNewsTests.swift */; };
		A5FC18EF21955B9900CBAE33 /* breaking.png in Resources */ = {isa = PBXBuildFile; fileRef = A5FC18EE21955B9900CBAE33 /* breaking.png */; };
		BEEB53B127A72D5AAA8B1CE2 /* Pods_FlashNewsTests.framework in Frameworks */ = {isa = PBXBuildFile; fileRef = FAE2CA55D73B6391398E94EC /* Pods_FlashNewsTests.framework */; };
/* End PBXBuildFile section */

/* Begin PBXContainerItemProxy section */
		A5FC18DF2195546800CBAE33 /* PBXContainerItemProxy */ = {
			isa = PBXContainerItemProxy;
			containerPortal = A5FC18C22195546500CBAE33 /* Project object */;
			proxyType = 1;
			remoteGlobalIDString = A5FC18C92195546500CBAE33;
			remoteInfo = FlashNews;
		};
/* End PBXContainerItemProxy section */

/* Begin PBXFileReference section */
		232733F7D05EE80BA70783ED /* Pods-FlashNews.debug.xcconfig */ = {isa = PBXFileReference; includeInIndex = 1; lastKnownFileType = text.xcconfig; name = "Pods-FlashNews.debug.xcconfig"; path = "Pods/Target Support Files/Pods-FlashNews/Pods-FlashNews.debug.xcconfig"; sourceTree = "<group>"; };
		3B74D273B2731DC77BB27ECE /* Pods-FlashNewsTests.debug.xcconfig */ = {isa = PBXFileReference; includeInIndex = 1; lastKnownFileType = text.xcconfig; name = "Pods-FlashNewsTests.debug.xcconfig"; path = "Pods/Target Support Files/Pods-FlashNewsTests/Pods-FlashNewsTests.debug.xcconfig"; sourceTree = "<group>"; };
		66697FD8F70F88A5EA5B12B6 /* Pods-FlashNewsTests.release.xcconfig */ = {isa = PBXFileReference; includeInIndex = 1; lastKnownFileType = text.xcconfig; name = "Pods-FlashNewsTests.release.xcconfig"; path = "Pods/Target Support Files/Pods-FlashNewsTests/Pods-FlashNewsTests.release.xcconfig"; sourceTree = "<group>"; };
		9AC8F4AE816B98034AA5F18E /* Pods_FlashNews.framework */ = {isa = PBXFileReference; explicitFileType = wrapper.framework; includeInIndex = 0; path = Pods_FlashNews.framework; sourceTree = BUILT_PRODUCTS_DIR; };
		A5819AF22195782D0010AC49 /* FNServiceURL.swift */ = {isa = PBXFileReference; lastKnownFileType = sourcecode.swift; path = FNServiceURL.swift; sourceTree = "<group>"; };
		A5819AF421957C7F0010AC49 /* FNServiceWrapper.swift */ = {isa = PBXFileReference; lastKnownFileType = sourcecode.swift; path = FNServiceWrapper.swift; sourceTree = "<group>"; };
		A5819AF8219585A70010AC49 /* NetworkCheck.swift */ = {isa = PBXFileReference; lastKnownFileType = sourcecode.swift; path = NetworkCheck.swift; sourceTree = "<group>"; };
		A5819AFE219591430010AC49 /* FNListAssembly.swift */ = {isa = PBXFileReference; lastKnownFileType = sourcecode.swift; path = FNListAssembly.swift; sourceTree = "<group>"; };
		A5819B002195915C0010AC49 /* FNListPresenter.swift */ = {isa = PBXFileReference; lastKnownFileType = sourcecode.swift; path = FNListPresenter.swift; sourceTree = "<group>"; };
		A5819B022195916A0010AC49 /* FNListPresenterIO.swift */ = {isa = PBXFileReference; lastKnownFileType = sourcecode.swift; path = FNListPresenterIO.swift; sourceTree = "<group>"; };
		A5819B04219591970010AC49 /* FNListInteractor.swift */ = {isa = PBXFileReference; lastKnownFileType = sourcecode.swift; path = FNListInteractor.swift; sourceTree = "<group>"; };
		A5819B06219591A30010AC49 /* FNListInteractorIO.swift */ = {isa = PBXFileReference; lastKnownFileType = sourcecode.swift; path = FNListInteractorIO.swift; sourceTree = "<group>"; };
		A5819B08219591ED0010AC49 /* FNListRouter.swift */ = {isa = PBXFileReference; lastKnownFileType = sourcecode.swift; path = FNListRouter.swift; sourceTree = "<group>"; };
		A5819B0A219592030010AC49 /* FNListRouterIO.swift */ = {isa = PBXFileReference; lastKnownFileType = sourcecode.swift; path = FNListRouterIO.swift; sourceTree = "<group>"; };
		A5819B0C2195923C0010AC49 /* FNUtility.swift */ = {isa = PBXFileReference; lastKnownFileType = sourcecode.swift; path = FNUtility.swift; sourceTree = "<group>"; };
		A5819B0F2195C2C60010AC49 /* FNAssemblyProtocol.swift */ = {isa = PBXFileReference; lastKnownFileType = sourcecode.swift; path = FNAssemblyProtocol.swift; sourceTree = "<group>"; };
		A5819B112195C7100010AC49 /* FNBaseViewController.swift */ = {isa = PBXFileReference; lastKnownFileType = sourcecode.swift; path = FNBaseViewController.swift; sourceTree = "<group>"; };
		A5819B162195D1460010AC49 /* FNListViewController.swift */ = {isa = PBXFileReference; lastKnownFileType = sourcecode.swift; path = FNListViewController.swift; sourceTree = "<group>"; };
		A5C12CC12195E3A500FBE5E4 /* FNNetworkConnector.swift */ = {isa = PBXFileReference; lastKnownFileType = sourcecode.swift; path = FNNetworkConnector.swift; sourceTree = "<group>"; };
		A5CBBE61219699C900A399F2 /* FNTableCell.xib */ = {isa = PBXFileReference; lastKnownFileType = file.xib; path = FNTableCell.xib; sourceTree = "<group>"; };
		A5CBBE6321969A0A00A399F2 /* FNHeaderCell.xib */ = {isa = PBXFileReference; lastKnownFileType = file.xib; path = FNHeaderCell.xib; sourceTree = "<group>"; };
		A5CBBE6521969A5700A399F2 /* FNEverythingCell.xib */ = {isa = PBXFileReference; lastKnownFileType = file.xib; path = FNEverythingCell.xib; sourceTree = "<group>"; };
		A5CBBE6821969BFF00A399F2 /* FNEverythingCell.swift */ = {isa = PBXFileReference; lastKnownFileType = sourcecode.swift; path = FNEverythingCell.swift; sourceTree = "<group>"; };
		A5CBBE6A21969CB800A399F2 /* FNHeaderCell.swift */ = {isa = PBXFileReference; lastKnownFileType = sourcecode.swift; path = FNHeaderCell.swift; sourceTree = "<group>"; };
		A5CBBE6C2196AB6500A399F2 /* FNTableCell.swift */ = {isa = PBXFileReference; lastKnownFileType = sourcecode.swift; path = FNTableCell.swift; sourceTree = "<group>"; };
		A5CBBE6F2196E23100A399F2 /* FNArticle.swift */ = {isa = PBXFileReference; lastKnownFileType = sourcecode.swift; path = FNArticle.swift; sourceTree = "<group>"; };
		A5CBBE712196E26700A399F2 /* FNArticleSource.swift */ = {isa = PBXFileReference; lastKnownFileType = sourcecode.swift; path = FNArticleSource.swift; sourceTree = "<group>"; };
		A5FC18CA2195546500CBAE33 /* FlashNews.app */ = {isa = PBXFileReference; explicitFileType = wrapper.application; includeInIndex = 0; path = FlashNews.app; sourceTree = BUILT_PRODUCTS_DIR; };
		A5FC18CD2195546500CBAE33 /* AppDelegate.swift */ = {isa = PBXFileReference; lastKnownFileType = sourcecode.swift; path = AppDelegate.swift; sourceTree = "<group>"; };
		A5FC18CF2195546500CBAE33 /* SplashViewController.swift */ = {isa = PBXFileReference; lastKnownFileType = sourcecode.swift; path = SplashViewController.swift; sourceTree = "<group>"; };
		A5FC18D22195546500CBAE33 /* Base */ = {isa = PBXFileReference; lastKnownFileType = file.storyboard; name = Base; path = Base.lproj/Splash.storyboard; sourceTree = "<group>"; };
		A5FC18D42195546800CBAE33 /* Assets.xcassets */ = {isa = PBXFileReference; lastKnownFileType = folder.assetcatalog; path = Assets.xcassets; sourceTree = "<group>"; };
		A5FC18D72195546800CBAE33 /* Base */ = {isa = PBXFileReference; lastKnownFileType = file.storyboard; name = Base; path = Base.lproj/Main.storyboard; sourceTree = "<group>"; };
		A5FC18D92195546800CBAE33 /* Info.plist */ = {isa = PBXFileReference; lastKnownFileType = text.plist.xml; path = Info.plist; sourceTree = "<group>"; };
		A5FC18DE2195546800CBAE33 /* FlashNewsTests.xctest */ = {isa = PBXFileReference; explicitFileType = wrapper.cfbundle; includeInIndex = 0; path = FlashNewsTests.xctest; sourceTree = BUILT_PRODUCTS_DIR; };
		A5FC18E22195546800CBAE33 /* FlashNewsTests.swift */ = {isa = PBXFileReference; lastKnownFileType = sourcecode.swift; path = FlashNewsTests.swift; sourceTree = "<group>"; };
		A5FC18E42195546800CBAE33 /* Info.plist */ = {isa = PBXFileReference; lastKnownFileType = text.plist.xml; path = Info.plist; sourceTree = "<group>"; };
		A5FC18EE21955B9900CBAE33 /* breaking.png */ = {isa = PBXFileReference; lastKnownFileType = image.png; path = breaking.png; sourceTree = "<group>"; };
		FA5F93059C833F18389B0166 /* Pods-FlashNews.release.xcconfig */ = {isa = PBXFileReference; includeInIndex = 1; lastKnownFileType = text.xcconfig; name = "Pods-FlashNews.release.xcconfig"; path = "Pods/Target Support Files/Pods-FlashNews/Pods-FlashNews.release.xcconfig"; sourceTree = "<group>"; };
		FAE2CA55D73B6391398E94EC /* Pods_FlashNewsTests.framework */ = {isa = PBXFileReference; explicitFileType = wrapper.framework; includeInIndex = 0; path = Pods_FlashNewsTests.framework; sourceTree = BUILT_PRODUCTS_DIR; };
/* End PBXFileReference section */

/* Begin PBXFrameworksBuildPhase section */
		A5FC18C72195546500CBAE33 /* Frameworks */ = {
			isa = PBXFrameworksBuildPhase;
			buildActionMask = 2147483647;
			files = (
				6ECD7940BF28FDA5994B97E9 /* Pods_FlashNews.framework in Frameworks */,
			);
			runOnlyForDeploymentPostprocessing = 0;
		};
		A5FC18DB2195546800CBAE33 /* Frameworks */ = {
			isa = PBXFrameworksBuildPhase;
			buildActionMask = 2147483647;
			files = (
				BEEB53B127A72D5AAA8B1CE2 /* Pods_FlashNewsTests.framework in Frameworks */,
			);
			runOnlyForDeploymentPostprocessing = 0;
		};
/* End PBXFrameworksBuildPhase section */

/* Begin PBXGroup section */
		A5819AED219577270010AC49 /* Resource */ = {
			isa = PBXGroup;
			children = (
				A5FC18D62195546800CBAE33 /* Main.storyboard */,
				A5FC18D12195546500CBAE33 /* Splash.storyboard */,
				A5CBBE61219699C900A399F2 /* FNTableCell.xib */,
				A5CBBE6321969A0A00A399F2 /* FNHeaderCell.xib */,
				A5CBBE6521969A5700A399F2 /* FNEverythingCell.xib */,
			);
			path = Resource;
			sourceTree = "<group>";
		};
		A5819AEE219577960010AC49 /* Modules */ = {
			isa = PBXGroup;
			children = (
				A5819B0E2195C29D0010AC49 /* BaseModule */,
				A5819AEF219577A00010AC49 /* List */,
				A5819AF0219577B20010AC49 /* Detail */,
			);
			path = Modules;
			sourceTree = "<group>";
		};
		A5819AEF219577A00010AC49 /* List */ = {
			isa = PBXGroup;
			children = (
				A5CBBE6721969B8D00A399F2 /* UICell */,
				A5819AFA21958B150010AC49 /* Assembly */,
				A5819AFB21958B830010AC49 /* Presenter */,
				A5819AFC21958BB70010AC49 /* Interactor */,
				A5819AFD21958BEF0010AC49 /* Router */,
				A5819B152195D1110010AC49 /* View */,
			);
			path = List;
			sourceTree = "<group>";
		};
		A5819AF0219577B20010AC49 /* Detail */ = {
			isa = PBXGroup;
			children = (
			);
			path = Detail;
			sourceTree = "<group>";
		};
		A5819AF1219577EF0010AC49 /* Requestoperations */ = {
			isa = PBXGroup;
			children = (
				A5C12CC02195E32400FBE5E4 /* Connector */,
				A5819AF22195782D0010AC49 /* FNServiceURL.swift */,
				A5819AF421957C7F0010AC49 /* FNServiceWrapper.swift */,
			);
			path = Requestoperations;
			sourceTree = "<group>";
		};
		A5819AF72195856A0010AC49 /* Utility */ = {
			isa = PBXGroup;
			children = (
				A5819AF8219585A70010AC49 /* NetworkCheck.swift */,
				A5819B0C2195923C0010AC49 /* FNUtility.swift */,
			);
			path = Utility;
			sourceTree = "<group>";
		};
		A5819AFA21958B150010AC49 /* Assembly */ = {
			isa = PBXGroup;
			children = (
				A5819AFE219591430010AC49 /* FNListAssembly.swift */,
			);
			path = Assembly;
			sourceTree = "<group>";
		};
		A5819AFB21958B830010AC49 /* Presenter */ = {
			isa = PBXGroup;
			children = (
				A5819B002195915C0010AC49 /* FNListPresenter.swift */,
				A5819B022195916A0010AC49 /* FNListPresenterIO.swift */,
			);
			path = Presenter;
			sourceTree = "<group>";
		};
		A5819AFC21958BB70010AC49 /* Interactor */ = {
			isa = PBXGroup;
			children = (
				A5819B04219591970010AC49 /* FNListInteractor.swift */,
				A5819B06219591A30010AC49 /* FNListInteractorIO.swift */,
			);
			path = Interactor;
			sourceTree = "<group>";
		};
		A5819AFD21958BEF0010AC49 /* Router */ = {
			isa = PBXGroup;
			children = (
				A5819B08219591ED0010AC49 /* FNListRouter.swift */,
				A5819B0A219592030010AC49 /* FNListRouterIO.swift */,
			);
			path = Router;
			sourceTree = "<group>";
		};
		A5819B0E2195C29D0010AC49 /* BaseModule */ = {
			isa = PBXGroup;
			children = (
				A5819B0F2195C2C60010AC49 /* FNAssemblyProtocol.swift */,
				A5819B112195C7100010AC49 /* FNBaseViewController.swift */,
			);
			path = BaseModule;
			sourceTree = "<group>";
		};
		A5819B152195D1110010AC49 /* View */ = {
			isa = PBXGroup;
			children = (
				A5819B162195D1460010AC49 /* FNListViewController.swift */,
			);
			path = View;
			sourceTree = "<group>";
		};
		A5C12CC02195E32400FBE5E4 /* Connector */ = {
			isa = PBXGroup;
			children = (
				A5C12CC12195E3A500FBE5E4 /* FNNetworkConnector.swift */,
			);
			path = Connector;
			sourceTree = "<group>";
		};
		A5CBBE6721969B8D00A399F2 /* UICell */ = {
			isa = PBXGroup;
			children = (
				A5CBBE6821969BFF00A399F2 /* FNEverythingCell.swift */,
				A5CBBE6A21969CB800A399F2 /* FNHeaderCell.swift */,
				A5CBBE6C2196AB6500A399F2 /* FNTableCell.swift */,
			);
			path = UICell;
			sourceTree = "<group>";
		};
		A5CBBE6E2196E10700A399F2 /* DataModel */ = {
			isa = PBXGroup;
			children = (
				A5CBBE6F2196E23100A399F2 /* FNArticle.swift */,
				A5CBBE712196E26700A399F2 /* FNArticleSource.swift */,
			);
			path = DataModel;
			sourceTree = "<group>";
		};
		A5FC18C12195546500CBAE33 = {
			isa = PBXGroup;
			children = (
				A5FC18CC2195546500CBAE33 /* FlashNews */,
				A5FC18E12195546800CBAE33 /* FlashNewsTests */,
				A5FC18CB2195546500CBAE33 /* Products */,
				C30B333D1311F2F2DB881507 /* Pods */,
				CFBD4238150EAC9F84719277 /* Frameworks */,
			);
			sourceTree = "<group>";
		};
		A5FC18CB2195546500CBAE33 /* Products */ = {
			isa = PBXGroup;
			children = (
				A5FC18CA2195546500CBAE33 /* FlashNews.app */,
				A5FC18DE2195546800CBAE33 /* FlashNewsTests.xctest */,
			);
			name = Products;
			sourceTree = "<group>";
		};
		A5FC18CC2195546500CBAE33 /* FlashNews */ = {
			isa = PBXGroup;
			children = (
				A5FC18CD2195546500CBAE33 /* AppDelegate.swift */,
				A5CBBE6E2196E10700A399F2 /* DataModel */,
				A5819AEE219577960010AC49 /* Modules */,
				A5819AF1219577EF0010AC49 /* Requestoperations */,
				A5FC18ED21955B7700CBAE33 /* Splash */,
				A5819AF72195856A0010AC49 /* Utility */,
				A5819AED219577270010AC49 /* Resource */,
				A5FC18D42195546800CBAE33 /* Assets.xcassets */,
				A5FC18D92195546800CBAE33 /* Info.plist */,
			);
			path = FlashNews;
			sourceTree = "<group>";
		};
		A5FC18E12195546800CBAE33 /* FlashNewsTests */ = {
			isa = PBXGroup;
			children = (
				A5FC18E22195546800CBAE33 /* FlashNewsTests.swift */,
				A5FC18E42195546800CBAE33 /* Info.plist */,
			);
			path = FlashNewsTests;
			sourceTree = "<group>";
		};
		A5FC18ED21955B7700CBAE33 /* Splash */ = {
			isa = PBXGroup;
			children = (
				A5FC18EE21955B9900CBAE33 /* breaking.png */,
				A5FC18CF2195546500CBAE33 /* SplashViewController.swift */,
			);
			path = Splash;
			sourceTree = "<group>";
		};
		C30B333D1311F2F2DB881507 /* Pods */ = {
			isa = PBXGroup;
			children = (
				232733F7D05EE80BA70783ED /* Pods-FlashNews.debug.xcconfig */,
				FA5F93059C833F18389B0166 /* Pods-FlashNews.release.xcconfig */,
				3B74D273B2731DC77BB27ECE /* Pods-FlashNewsTests.debug.xcconfig */,
				66697FD8F70F88A5EA5B12B6 /* Pods-FlashNewsTests.release.xcconfig */,
			);
			name = Pods;
			sourceTree = "<group>";
		};
		CFBD4238150EAC9F84719277 /* Frameworks */ = {
			isa = PBXGroup;
			children = (
				9AC8F4AE816B98034AA5F18E /* Pods_FlashNews.framework */,
				FAE2CA55D73B6391398E94EC /* Pods_FlashNewsTests.framework */,
			);
			name = Frameworks;
			sourceTree = "<group>";
		};
/* End PBXGroup section */

/* Begin PBXNativeTarget section */
		A5FC18C92195546500CBAE33 /* FlashNews */ = {
			isa = PBXNativeTarget;
			buildConfigurationList = A5FC18E72195546800CBAE33 /* Build configuration list for PBXNativeTarget "FlashNews" */;
			buildPhases = (
				F4855CE1F193AC8B28D07662 /* [CP] Check Pods Manifest.lock */,
				A5FC18C62195546500CBAE33 /* Sources */,
				A5FC18C72195546500CBAE33 /* Frameworks */,
				A5FC18C82195546500CBAE33 /* Resources */,
				7EE823D8F37F4F792A9D2EA5 /* [CP] Embed Pods Frameworks */,
			);
			buildRules = (
			);
			dependencies = (
			);
			name = FlashNews;
			productName = FlashNews;
			productReference = A5FC18CA2195546500CBAE33 /* FlashNews.app */;
			productType = "com.apple.product-type.application";
		};
		A5FC18DD2195546800CBAE33 /* FlashNewsTests */ = {
			isa = PBXNativeTarget;
			buildConfigurationList = A5FC18EA2195546800CBAE33 /* Build configuration list for PBXNativeTarget "FlashNewsTests" */;
			buildPhases = (
				6F06A5925A7610E2063D5BD4 /* [CP] Check Pods Manifest.lock */,
				A5FC18DA2195546800CBAE33 /* Sources */,
				A5FC18DB2195546800CBAE33 /* Frameworks */,
				A5FC18DC2195546800CBAE33 /* Resources */,
			);
			buildRules = (
			);
			dependencies = (
				A5FC18E02195546800CBAE33 /* PBXTargetDependency */,
			);
			name = FlashNewsTests;
			productName = FlashNewsTests;
			productReference = A5FC18DE2195546800CBAE33 /* FlashNewsTests.xctest */;
			productType = "com.apple.product-type.bundle.unit-test";
		};
/* End PBXNativeTarget section */

/* Begin PBXProject section */
		A5FC18C22195546500CBAE33 /* Project object */ = {
			isa = PBXProject;
			attributes = {
				LastSwiftUpdateCheck = 0940;
				LastUpgradeCheck = 0940;
				ORGANIZATIONNAME = "Balu Naik";
				TargetAttributes = {
					A5FC18C92195546500CBAE33 = {
						CreatedOnToolsVersion = 9.4;
					};
					A5FC18DD2195546800CBAE33 = {
						CreatedOnToolsVersion = 9.4;
						TestTargetID = A5FC18C92195546500CBAE33;
					};
				};
			};
			buildConfigurationList = A5FC18C52195546500CBAE33 /* Build configuration list for PBXProject "FlashNews" */;
			compatibilityVersion = "Xcode 9.3";
			developmentRegion = en;
			hasScannedForEncodings = 0;
			knownRegions = (
				en,
				Base,
			);
			mainGroup = A5FC18C12195546500CBAE33;
			productRefGroup = A5FC18CB2195546500CBAE33 /* Products */;
			projectDirPath = "";
			projectRoot = "";
			targets = (
				A5FC18C92195546500CBAE33 /* FlashNews */,
				A5FC18DD2195546800CBAE33 /* FlashNewsTests */,
			);
		};
/* End PBXProject section */

/* Begin PBXResourcesBuildPhase section */
		A5FC18C82195546500CBAE33 /* Resources */ = {
			isa = PBXResourcesBuildPhase;
			buildActionMask = 2147483647;
			files = (
				A5CBBE6421969A0A00A399F2 /* FNHeaderCell.xib in Resources */,
				A5FC18D82195546800CBAE33 /* Main.storyboard in Resources */,
				A5CBBE6621969A5700A399F2 /* FNEverythingCell.xib in Resources */,
				A5FC18D52195546800CBAE33 /* Assets.xcassets in Resources */,
				A5CBBE62219699C900A399F2 /* FNTableCell.xib in Resources */,
				A5FC18EF21955B9900CBAE33 /* breaking.png in Resources */,
				A5FC18D32195546500CBAE33 /* Splash.storyboard in Resources */,
			);
			runOnlyForDeploymentPostprocessing = 0;
		};
		A5FC18DC2195546800CBAE33 /* Resources */ = {
			isa = PBXResourcesBuildPhase;
			buildActionMask = 2147483647;
			files = (
			);
			runOnlyForDeploymentPostprocessing = 0;
		};
/* End PBXResourcesBuildPhase section */

/* Begin PBXShellScriptBuildPhase section */
		6F06A5925A7610E2063D5BD4 /* [CP] Check Pods Manifest.lock */ = {
			isa = PBXShellScriptBuildPhase;
			buildActionMask = 2147483647;
			files = (
			);
			inputPaths = (
				"${PODS_PODFILE_DIR_PATH}/Podfile.lock",
				"${PODS_ROOT}/Manifest.lock",
			);
			name = "[CP] Check Pods Manifest.lock";
			outputPaths = (
				"$(DERIVED_FILE_DIR)/Pods-FlashNewsTests-checkManifestLockResult.txt",
			);
			runOnlyForDeploymentPostprocessing = 0;
			shellPath = /bin/sh;
			shellScript = "diff \"${PODS_PODFILE_DIR_PATH}/Podfile.lock\" \"${PODS_ROOT}/Manifest.lock\" > /dev/null\nif [ $? != 0 ] ; then\n    # print error to STDERR\n    echo \"error: The sandbox is not in sync with the Podfile.lock. Run 'pod install' or update your CocoaPods installation.\" >&2\n    exit 1\nfi\n# This output is used by Xcode 'outputs' to avoid re-running this script phase.\necho \"SUCCESS\" > \"${SCRIPT_OUTPUT_FILE_0}\"\n";
			showEnvVarsInLog = 0;
		};
		7EE823D8F37F4F792A9D2EA5 /* [CP] Embed Pods Frameworks */ = {
			isa = PBXShellScriptBuildPhase;
			buildActionMask = 2147483647;
			files = (
			);
			inputPaths = (
				"${SRCROOT}/Pods/Target Support Files/Pods-FlashNews/Pods-FlashNews-frameworks.sh",
				"${BUILT_PRODUCTS_DIR}/Alamofire/Alamofire.framework",
				"${BUILT_PRODUCTS_DIR}/Cedar/Cedar.framework",
				"${BUILT_PRODUCTS_DIR}/ObjectMapper/ObjectMapper.framework",
				"${BUILT_PRODUCTS_DIR}/SDWebImage/SDWebImage.framework",
				"${BUILT_PRODUCTS_DIR}/SVProgressHUD/SVProgressHUD.framework",
				"${BUILT_PRODUCTS_DIR}/SwiftyJSON/SwiftyJSON.framework",
			);
			name = "[CP] Embed Pods Frameworks";
			outputPaths = (
				"${TARGET_BUILD_DIR}/${FRAMEWORKS_FOLDER_PATH}/Alamofire.framework",
				"${TARGET_BUILD_DIR}/${FRAMEWORKS_FOLDER_PATH}/Cedar.framework",
				"${TARGET_BUILD_DIR}/${FRAMEWORKS_FOLDER_PATH}/ObjectMapper.framework",
				"${TARGET_BUILD_DIR}/${FRAMEWORKS_FOLDER_PATH}/SDWebImage.framework",
				"${TARGET_BUILD_DIR}/${FRAMEWORKS_FOLDER_PATH}/SVProgressHUD.framework",
				"${TARGET_BUILD_DIR}/${FRAMEWORKS_FOLDER_PATH}/SwiftyJSON.framework",
			);
			runOnlyForDeploymentPostprocessing = 0;
			shellPath = /bin/sh;
			shellScript = "\"${SRCROOT}/Pods/Target Support Files/Pods-FlashNews/Pods-FlashNews-frameworks.sh\"\n";
			showEnvVarsInLog = 0;
		};
		F4855CE1F193AC8B28D07662 /* [CP] Check Pods Manifest.lock */ = {
			isa = PBXShellScriptBuildPhase;
			buildActionMask = 2147483647;
			files = (
			);
			inputPaths = (
				"${PODS_PODFILE_DIR_PATH}/Podfile.lock",
				"${PODS_ROOT}/Manifest.lock",
			);
			name = "[CP] Check Pods Manifest.lock";
			outputPaths = (
				"$(DERIVED_FILE_DIR)/Pods-FlashNews-checkManifestLockResult.txt",
			);
			runOnlyForDeploymentPostprocessing = 0;
			shellPath = /bin/sh;
			shellScript = "diff \"${PODS_PODFILE_DIR_PATH}/Podfile.lock\" \"${PODS_ROOT}/Manifest.lock\" > /dev/null\nif [ $? != 0 ] ; then\n    # print error to STDERR\n    echo \"error: The sandbox is not in sync with the Podfile.lock. Run 'pod install' or update your CocoaPods installation.\" >&2\n    exit 1\nfi\n# This output is used by Xcode 'outputs' to avoid re-running this script phase.\necho \"SUCCESS\" > \"${SCRIPT_OUTPUT_FILE_0}\"\n";
			showEnvVarsInLog = 0;
		};
/* End PBXShellScriptBuildPhase section */

/* Begin PBXSourcesBuildPhase section */
		A5FC18C62195546500CBAE33 /* Sources */ = {
			isa = PBXSourcesBuildPhase;
			buildActionMask = 2147483647;
			files = (
				A5819B0D2195923C0010AC49 /* FNUtility.swift in Sources */,
				A5CBBE702196E23100A399F2 /* FNArticle.swift in Sources */,
				A5819B102195C2C60010AC49 /* FNAssemblyProtocol.swift in Sources */,
				A5819B0B219592030010AC49 /* FNListRouterIO.swift in Sources */,
				A5819AF521957C7F0010AC49 /* FNServiceWrapper.swift in Sources */,
				A5819B172195D1460010AC49 /* FNListViewController.swift in Sources */,
				A5819AFF219591430010AC49 /* FNListAssembly.swift in Sources */,
				A5CBBE722196E26700A399F2 /* FNArticleSource.swift in Sources */,
				A5819B05219591970010AC49 /* FNListInteractor.swift in Sources */,
				A5C12CC22195E3A500FBE5E4 /* FNNetworkConnector.swift in Sources */,
				A5CBBE6D2196AB6500A399F2 /* FNTableCell.swift in Sources */,
				A5819B09219591ED0010AC49 /* FNListRouter.swift in Sources */,
				A5819B032195916A0010AC49 /* FNListPresenterIO.swift in Sources */,
				A5CBBE6921969BFF00A399F2 /* FNEverythingCell.swift in Sources */,
				A5819B07219591A30010AC49 /* FNListInteractorIO.swift in Sources */,
				A5819B122195C7100010AC49 /* FNBaseViewController.swift in Sources */,
				A5819AF9219585A70010AC49 /* NetworkCheck.swift in Sources */,
				A5FC18D02195546500CBAE33 /* SplashViewController.swift in Sources */,
				A5FC18CE2195546500CBAE33 /* AppDelegate.swift in Sources */,
				A5819AF32195782D0010AC49 /* FNServiceURL.swift in Sources */,
				A5819B012195915C0010AC49 /* FNListPresenter.swift in Sources */,
				A5CBBE6B21969CB800A399F2 /* FNHeaderCell.swift in Sources */,
			);
			runOnlyForDeploymentPostprocessing = 0;
		};
		A5FC18DA2195546800CBAE33 /* Sources */ = {
			isa = PBXSourcesBuildPhase;
			buildActionMask = 2147483647;
			files = (
				A5FC18E32195546800CBAE33 /* FlashNewsTests.swift in Sources */,
			);
			runOnlyForDeploymentPostprocessing = 0;
		};
/* End PBXSourcesBuildPhase section */

/* Begin PBXTargetDependency section */
		A5FC18E02195546800CBAE33 /* PBXTargetDependency */ = {
			isa = PBXTargetDependency;
			target = A5FC18C92195546500CBAE33 /* FlashNews */;
			targetProxy = A5FC18DF2195546800CBAE33 /* PBXContainerItemProxy */;
		};
/* End PBXTargetDependency section */

/* Begin PBXVariantGroup section */
		A5FC18D12195546500CBAE33 /* Splash.storyboard */ = {
			isa = PBXVariantGroup;
			children = (
				A5FC18D22195546500CBAE33 /* Base */,
			);
			name = Splash.storyboard;
			sourceTree = "<group>";
		};
		A5FC18D62195546800CBAE33 /* Main.storyboard */ = {
			isa = PBXVariantGroup;
			children = (
				A5FC18D72195546800CBAE33 /* Base */,
			);
			name = Main.storyboard;
			sourceTree = "<group>";
		};
/* End PBXVariantGroup section */

/* Begin XCBuildConfiguration section */
		A5FC18E52195546800CBAE33 /* Debug */ = {
			isa = XCBuildConfiguration;
			buildSettings = {
				ALWAYS_SEARCH_USER_PATHS = NO;
				CLANG_ANALYZER_NONNULL = YES;
				CLANG_ANALYZER_NUMBER_OBJECT_CONVERSION = YES_AGGRESSIVE;
				CLANG_CXX_LANGUAGE_STANDARD = "gnu++14";
				CLANG_CXX_LIBRARY = "libc++";
				CLANG_ENABLE_MODULES = YES;
				CLANG_ENABLE_OBJC_ARC = YES;
				CLANG_ENABLE_OBJC_WEAK = YES;
				CLANG_WARN_BLOCK_CAPTURE_AUTORELEASING = YES;
				CLANG_WARN_BOOL_CONVERSION = YES;
				CLANG_WARN_COMMA = YES;
				CLANG_WARN_CONSTANT_CONVERSION = YES;
				CLANG_WARN_DEPRECATED_OBJC_IMPLEMENTATIONS = YES;
				CLANG_WARN_DIRECT_OBJC_ISA_USAGE = YES_ERROR;
				CLANG_WARN_DOCUMENTATION_COMMENTS = YES;
				CLANG_WARN_EMPTY_BODY = YES;
				CLANG_WARN_ENUM_CONVERSION = YES;
				CLANG_WARN_INFINITE_RECURSION = YES;
				CLANG_WARN_INT_CONVERSION = YES;
				CLANG_WARN_NON_LITERAL_NULL_CONVERSION = YES;
				CLANG_WARN_OBJC_IMPLICIT_RETAIN_SELF = YES;
				CLANG_WARN_OBJC_LITERAL_CONVERSION = YES;
				CLANG_WARN_OBJC_ROOT_CLASS = YES_ERROR;
				CLANG_WARN_RANGE_LOOP_ANALYSIS = YES;
				CLANG_WARN_STRICT_PROTOTYPES = YES;
				CLANG_WARN_SUSPICIOUS_MOVE = YES;
				CLANG_WARN_UNGUARDED_AVAILABILITY = YES_AGGRESSIVE;
				CLANG_WARN_UNREACHABLE_CODE = YES;
				CLANG_WARN__DUPLICATE_METHOD_MATCH = YES;
				CODE_SIGN_IDENTITY = "iPhone Developer";
				COPY_PHASE_STRIP = NO;
				DEBUG_INFORMATION_FORMAT = dwarf;
				ENABLE_STRICT_OBJC_MSGSEND = YES;
				ENABLE_TESTABILITY = YES;
				GCC_C_LANGUAGE_STANDARD = gnu11;
				GCC_DYNAMIC_NO_PIC = NO;
				GCC_NO_COMMON_BLOCKS = YES;
				GCC_OPTIMIZATION_LEVEL = 0;
				GCC_PREPROCESSOR_DEFINITIONS = (
					"DEBUG=1",
					"$(inherited)",
				);
				GCC_WARN_64_TO_32_BIT_CONVERSION = YES;
				GCC_WARN_ABOUT_RETURN_TYPE = YES_ERROR;
				GCC_WARN_UNDECLARED_SELECTOR = YES;
				GCC_WARN_UNINITIALIZED_AUTOS = YES_AGGRESSIVE;
				GCC_WARN_UNUSED_FUNCTION = YES;
				GCC_WARN_UNUSED_VARIABLE = YES;
				IPHONEOS_DEPLOYMENT_TARGET = 11.4;
				MTL_ENABLE_DEBUG_INFO = YES;
				ONLY_ACTIVE_ARCH = YES;
				SDKROOT = iphoneos;
				SWIFT_ACTIVE_COMPILATION_CONDITIONS = DEBUG;
				SWIFT_OPTIMIZATION_LEVEL = "-Onone";
			};
			name = Debug;
		};
		A5FC18E62195546800CBAE33 /* Release */ = {
			isa = XCBuildConfiguration;
			buildSettings = {
				ALWAYS_SEARCH_USER_PATHS = NO;
				CLANG_ANALYZER_NONNULL = YES;
				CLANG_ANALYZER_NUMBER_OBJECT_CONVERSION = YES_AGGRESSIVE;
				CLANG_CXX_LANGUAGE_STANDARD = "gnu++14";
				CLANG_CXX_LIBRARY = "libc++";
				CLANG_ENABLE_MODULES = YES;
				CLANG_ENABLE_OBJC_ARC = YES;
				CLANG_ENABLE_OBJC_WEAK = YES;
				CLANG_WARN_BLOCK_CAPTURE_AUTORELEASING = YES;
				CLANG_WARN_BOOL_CONVERSION = YES;
				CLANG_WARN_COMMA = YES;
				CLANG_WARN_CONSTANT_CONVERSION = YES;
				CLANG_WARN_DEPRECATED_OBJC_IMPLEMENTATIONS = YES;
				CLANG_WARN_DIRECT_OBJC_ISA_USAGE = YES_ERROR;
				CLANG_WARN_DOCUMENTATION_COMMENTS = YES;
				CLANG_WARN_EMPTY_BODY = YES;
				CLANG_WARN_ENUM_CONVERSION = YES;
				CLANG_WARN_INFINITE_RECURSION = YES;
				CLANG_WARN_INT_CONVERSION = YES;
				CLANG_WARN_NON_LITERAL_NULL_CONVERSION = YES;
				CLANG_WARN_OBJC_IMPLICIT_RETAIN_SELF = YES;
				CLANG_WARN_OBJC_LITERAL_CONVERSION = YES;
				CLANG_WARN_OBJC_ROOT_CLASS = YES_ERROR;
				CLANG_WARN_RANGE_LOOP_ANALYSIS = YES;
				CLANG_WARN_STRICT_PROTOTYPES = YES;
				CLANG_WARN_SUSPICIOUS_MOVE = YES;
				CLANG_WARN_UNGUARDED_AVAILABILITY = YES_AGGRESSIVE;
				CLANG_WARN_UNREACHABLE_CODE = YES;
				CLANG_WARN__DUPLICATE_METHOD_MATCH = YES;
				CODE_SIGN_IDENTITY = "iPhone Developer";
				COPY_PHASE_STRIP = NO;
				DEBUG_INFORMATION_FORMAT = "dwarf-with-dsym";
				ENABLE_NS_ASSERTIONS = NO;
				ENABLE_STRICT_OBJC_MSGSEND = YES;
				GCC_C_LANGUAGE_STANDARD = gnu11;
				GCC_NO_COMMON_BLOCKS = YES;
				GCC_WARN_64_TO_32_BIT_CONVERSION = YES;
				GCC_WARN_ABOUT_RETURN_TYPE = YES_ERROR;
				GCC_WARN_UNDECLARED_SELECTOR = YES;
				GCC_WARN_UNINITIALIZED_AUTOS = YES_AGGRESSIVE;
				GCC_WARN_UNUSED_FUNCTION = YES;
				GCC_WARN_UNUSED_VARIABLE = YES;
				IPHONEOS_DEPLOYMENT_TARGET = 11.4;
				MTL_ENABLE_DEBUG_INFO = NO;
				SDKROOT = iphoneos;
				SWIFT_COMPILATION_MODE = wholemodule;
				SWIFT_OPTIMIZATION_LEVEL = "-O";
				VALIDATE_PRODUCT = YES;
			};
			name = Release;
		};
		A5FC18E82195546800CBAE33 /* Debug */ = {
			isa = XCBuildConfiguration;
			baseConfigurationReference = 232733F7D05EE80BA70783ED /* Pods-FlashNews.debug.xcconfig */;
			buildSettings = {
				ASSETCATALOG_COMPILER_APPICON_NAME = AppIcon;
				CODE_SIGN_STYLE = Automatic;
				DEVELOPMENT_TEAM = 456E6NNKP2;
				INFOPLIST_FILE = FlashNews/Info.plist;
				IPHONEOS_DEPLOYMENT_TARGET = 10.0;
				LD_RUNPATH_SEARCH_PATHS = (
					"$(inherited)",
					"@executable_path/Frameworks",
				);
				PRODUCT_BUNDLE_IDENTIFIER = MyCompany.FlashNews;
				PRODUCT_NAME = "$(TARGET_NAME)";
				SWIFT_VERSION = 4.0;
				TARGETED_DEVICE_FAMILY = 1;
			};
			name = Debug;
		};
		A5FC18E92195546800CBAE33 /* Release */ = {
			isa = XCBuildConfiguration;
			baseConfigurationReference = FA5F93059C833F18389B0166 /* Pods-FlashNews.release.xcconfig */;
			buildSettings = {
				ASSETCATALOG_COMPILER_APPICON_NAME = AppIcon;
				CODE_SIGN_STYLE = Automatic;
				DEVELOPMENT_TEAM = 456E6NNKP2;
				INFOPLIST_FILE = FlashNews/Info.plist;
				IPHONEOS_DEPLOYMENT_TARGET = 10.0;
				LD_RUNPATH_SEARCH_PATHS = (
					"$(inherited)",
					"@executable_path/Frameworks",
				);
				PRODUCT_BUNDLE_IDENTIFIER = MyCompany.FlashNews;
				PRODUCT_NAME = "$(TARGET_NAME)";
				SWIFT_VERSION = 4.0;
				TARGETED_DEVICE_FAMILY = 1;
			};
			name = Release;
		};
		A5FC18EB2195546800CBAE33 /* Debug */ = {
			isa = XCBuildConfiguration;
			baseConfigurationReference = 3B74D273B2731DC77BB27ECE /* Pods-FlashNewsTests.debug.xcconfig */;
			buildSettings = {
				ALWAYS_EMBED_SWIFT_STANDARD_LIBRARIES = YES;
				BUNDLE_LOADER = "$(TEST_HOST)";
				CODE_SIGN_STYLE = Automatic;
				DEVELOPMENT_TEAM = 456E6NNKP2;
				INFOPLIST_FILE = FlashNewsTests/Info.plist;
				LD_RUNPATH_SEARCH_PATHS = (
					"$(inherited)",
					"@executable_path/Frameworks",
					"@loader_path/Frameworks",
				);
				PRODUCT_BUNDLE_IDENTIFIER = MyCompany.FlashNewsTests;
				PRODUCT_NAME = "$(TARGET_NAME)";
				SWIFT_VERSION = 4.0;
				TARGETED_DEVICE_FAMILY = "1,2";
				TEST_HOST = "$(BUILT_PRODUCTS_DIR)/FlashNews.app/FlashNews";
			};
			name = Debug;
		};
		A5FC18EC2195546800CBAE33 /* Release */ = {
			isa = XCBuildConfiguration;
			baseConfigurationReference = 66697FD8F70F88A5EA5B12B6 /* Pods-FlashNewsTests.release.xcconfig */;
			buildSettings = {
				ALWAYS_EMBED_SWIFT_STANDARD_LIBRARIES = YES;
				BUNDLE_LOADER = "$(TEST_HOST)";
				CODE_SIGN_STYLE = Automatic;
				DEVELOPMENT_TEAM = 456E6NNKP2;
				INFOPLIST_FILE = FlashNewsTests/Info.plist;
				LD_RUNPATH_SEARCH_PATHS = (
					"$(inherited)",
					"@executable_path/Frameworks",
					"@loader_path/Frameworks",
				);
				PRODUCT_BUNDLE_IDENTIFIER = MyCompany.FlashNewsTests;
				PRODUCT_NAME = "$(TARGET_NAME)";
				SWIFT_VERSION = 4.0;
				TARGETED_DEVICE_FAMILY = "1,2";
				TEST_HOST = "$(BUILT_PRODUCTS_DIR)/FlashNews.app/FlashNews";
			};
			name = Release;
		};
/* End XCBuildConfiguration section */

/* Begin XCConfigurationList section */
		A5FC18C52195546500CBAE33 /* Build configuration list for PBXProject "FlashNews" */ = {
			isa = XCConfigurationList;
			buildConfigurations = (
				A5FC18E52195546800CBAE33 /* Debug */,
				A5FC18E62195546800CBAE33 /* Release */,
			);
			defaultConfigurationIsVisible = 0;
			defaultConfigurationName = Release;
		};
		A5FC18E72195546800CBAE33 /* Build configuration list for PBXNativeTarget "FlashNews" */ = {
			isa = XCConfigurationList;
			buildConfigurations = (
				A5FC18E82195546800CBAE33 /* Debug */,
				A5FC18E92195546800CBAE33 /* Release */,
			);
			defaultConfigurationIsVisible = 0;
			defaultConfigurationName = Release;
		};
		A5FC18EA2195546800CBAE33 /* Build configuration list for PBXNativeTarget "FlashNewsTests" */ = {
			isa = XCConfigurationList;
			buildConfigurations = (
				A5FC18EB2195546800CBAE33 /* Debug */,
				A5FC18EC2195546800CBAE33 /* Release */,
			);
			defaultConfigurationIsVisible = 0;
			defaultConfigurationName = Release;
		};
/* End XCConfigurationList section */
	};
	rootObject = A5FC18C22195546500CBAE33 /* Project object */;
}
